
Microsoft Visual Studio Solution File, Format Version 12.00
# Visual Studio Version 17
VisualStudioVersion = 17.2.32526.322
MinimumVisualStudioVersion = 10.0.40219.1
Project("{9A19103F-16F7-4668-BE54-9A1E7A4F7556}") = "Singleton", "Singleton\Singleton.csproj", "{0247B348-7115-4E29-A52F-3F2B0A365291}"
EndProject
Project("{9A19103F-16F7-4668-BE54-9A1E7A4F7556}") = "FactoryMethod", "Factory\FactoryMethod.csproj", "{CA1A0537-CBE6-4281-9992-AE8D393A7052}"
EndProject
Project("{9A19103F-16F7-4668-BE54-9A1E7A4F7556}") = "AbstractFactory", "AbstractFactory\AbstractFactory.csproj", "{EC13AD4B-69E1-4E00-BC05-9ABAFEADB5CD}"
EndProject
Project("{9A19103F-16F7-4668-BE54-9A1E7A4F7556}") = "Builder", "Builder\Builder.csproj", "{B5AFC16A-F97B-4E96-91A3-D4EEA3ED0716}"
EndProject
Project("{9A19103F-16F7-4668-BE54-9A1E7A4F7556}") = "Adapter", "Adapter\Adapter.csproj", "{F428279E-E4D9-41DB-8885-BF306B959A64}"
EndProject
Project("{9A19103F-16F7-4668-BE54-9A1E7A4F7556}") = "Bridge", "Bridge\Bridge.csproj", "{423CDEBD-CDA5-4023-84BF-9C7D6F4A118E}"
EndProject
Project("{9A19103F-16F7-4668-BE54-9A1E7A4F7556}") = "Composite", "Composite\Composite.csproj", "{15E65EB3-77C6-47C5-A95C-ADAFAFF6EE42}"
EndProject
Project("{9A19103F-16F7-4668-BE54-9A1E7A4F7556}") = "Decorator", "Decorator\Decorator.csproj", "{BD188B7F-2325-4795-A7D0-FA1490C6A4AA}"
EndProject
Project("{9A19103F-16F7-4668-BE54-9A1E7A4F7556}") = "FlyWeight", "FlyWeight\FlyWeight.csproj", "{B9EAB1ED-26A5-46A5-AA09-6609DF289817}"
EndProject
Project("{2150E333-8FDC-42A3-9474-1A3956D46DE8}") = "Behaviors", "Behaviors", "{3D684796-FC6F-40CB-BE0D-A847D4DD0331}"
EndProject
Project("{2150E333-8FDC-42A3-9474-1A3956D46DE8}") = "Structural", "Structural", "{4950555D-C740-49BB-83C8-4AB454134CD0}"
EndProject
Project("{2150E333-8FDC-42A3-9474-1A3956D46DE8}") = "Creational", "Creational", "{F58B6A27-4E06-431C-8732-EAEAB3289E6D}"
EndProject
Project("{9A19103F-16F7-4668-BE54-9A1E7A4F7556}") = "ChainOfResponsability(CoR)", "ChainOfResponsability(CoR)\ChainOfResponsability(CoR).csproj", "{AD56974F-40EA-4487-8867-F7A35F28BC04}"
EndProject
Project("{9A19103F-16F7-4668-BE54-9A1E7A4F7556}") = "Command", "Command\Command.csproj", "{BDC3681B-CB5D-43B7-94DA-AD81F50265B9}"
EndProject
Project("{9A19103F-16F7-4668-BE54-9A1E7A4F7556}") = "Iterator", "Iterator\Iterator.csproj", "{90D4C7DB-FD1B-4E1B-AE74-741912288AB3}"
EndProject
Project("{9A19103F-16F7-4668-BE54-9A1E7A4F7556}") = "Mediator", "Mediator\Mediator.csproj", "{CC20892F-49B6-41BD-ADAF-CE1CC792B800}"
EndProject
Project("{9A19103F-16F7-4668-BE54-9A1E7A4F7556}") = "Observer", "Observer\Observer.csproj", "{B3F86C73-B425-4602-9AB8-C5DD559CB347}"
EndProject
Project("{FAE04EC0-301F-11D3-BF4B-00C04F79EFBC}") = "State", "State\State.csproj", "{933326A6-7C0E-4439-833C-06839937E930}"
EndProject
Global
	GlobalSection(SolutionConfigurationPlatforms) = preSolution
		Debug|Any CPU = Debug|Any CPU
		Release|Any CPU = Release|Any CPU
	EndGlobalSection
	GlobalSection(ProjectConfigurationPlatforms) = postSolution
		{0247B348-7115-4E29-A52F-3F2B0A365291}.Debug|Any CPU.ActiveCfg = Debug|Any CPU
		{0247B348-7115-4E29-A52F-3F2B0A365291}.Debug|Any CPU.Build.0 = Debug|Any CPU
		{0247B348-7115-4E29-A52F-3F2B0A365291}.Release|Any CPU.ActiveCfg = Release|Any CPU
		{0247B348-7115-4E29-A52F-3F2B0A365291}.Release|Any CPU.Build.0 = Release|Any CPU
		{CA1A0537-CBE6-4281-9992-AE8D393A7052}.Debug|Any CPU.ActiveCfg = Debug|Any CPU
		{CA1A0537-CBE6-4281-9992-AE8D393A7052}.Debug|Any CPU.Build.0 = Debug|Any CPU
		{CA1A0537-CBE6-4281-9992-AE8D393A7052}.Release|Any CPU.ActiveCfg = Release|Any CPU
		{CA1A0537-CBE6-4281-9992-AE8D393A7052}.Release|Any CPU.Build.0 = Release|Any CPU
		{EC13AD4B-69E1-4E00-BC05-9ABAFEADB5CD}.Debug|Any CPU.ActiveCfg = Debug|Any CPU
		{EC13AD4B-69E1-4E00-BC05-9ABAFEADB5CD}.Debug|Any CPU.Build.0 = Debug|Any CPU
		{EC13AD4B-69E1-4E00-BC05-9ABAFEADB5CD}.Release|Any CPU.ActiveCfg = Release|Any CPU
		{EC13AD4B-69E1-4E00-BC05-9ABAFEADB5CD}.Release|Any CPU.Build.0 = Release|Any CPU
		{B5AFC16A-F97B-4E96-91A3-D4EEA3ED0716}.Debug|Any CPU.ActiveCfg = Debug|Any CPU
		{B5AFC16A-F97B-4E96-91A3-D4EEA3ED0716}.Debug|Any CPU.Build.0 = Debug|Any CPU
		{B5AFC16A-F97B-4E96-91A3-D4EEA3ED0716}.Release|Any CPU.ActiveCfg = Release|Any CPU
		{B5AFC16A-F97B-4E96-91A3-D4EEA3ED0716}.Release|Any CPU.Build.0 = Release|Any CPU
		{F428279E-E4D9-41DB-8885-BF306B959A64}.Debug|Any CPU.ActiveCfg = Debug|Any CPU
		{F428279E-E4D9-41DB-8885-BF306B959A64}.Debug|Any CPU.Build.0 = Debug|Any CPU
		{F428279E-E4D9-41DB-8885-BF306B959A64}.Release|Any CPU.ActiveCfg = Release|Any CPU
		{F428279E-E4D9-41DB-8885-BF306B959A64}.Release|Any CPU.Build.0 = Release|Any CPU
		{423CDEBD-CDA5-4023-84BF-9C7D6F4A118E}.Debug|Any CPU.ActiveCfg = Debug|Any CPU
		{423CDEBD-CDA5-4023-84BF-9C7D6F4A118E}.Debug|Any CPU.Build.0 = Debug|Any CPU
		{423CDEBD-CDA5-4023-84BF-9C7D6F4A118E}.Release|Any CPU.ActiveCfg = Release|Any CPU
		{423CDEBD-CDA5-4023-84BF-9C7D6F4A118E}.Release|Any CPU.Build.0 = Release|Any CPU
		{15E65EB3-77C6-47C5-A95C-ADAFAFF6EE42}.Debug|Any CPU.ActiveCfg = Debug|Any CPU
		{15E65EB3-77C6-47C5-A95C-ADAFAFF6EE42}.Debug|Any CPU.Build.0 = Debug|Any CPU
		{15E65EB3-77C6-47C5-A95C-ADAFAFF6EE42}.Release|Any CPU.ActiveCfg = Release|Any CPU
		{15E65EB3-77C6-47C5-A95C-ADAFAFF6EE42}.Release|Any CPU.Build.0 = Release|Any CPU
		{BD188B7F-2325-4795-A7D0-FA1490C6A4AA}.Debug|Any CPU.ActiveCfg = Debug|Any CPU
		{BD188B7F-2325-4795-A7D0-FA1490C6A4AA}.Debug|Any CPU.Build.0 = Debug|Any CPU
		{BD188B7F-2325-4795-A7D0-FA1490C6A4AA}.Release|Any CPU.ActiveCfg = Release|Any CPU
		{BD188B7F-2325-4795-A7D0-FA1490C6A4AA}.Release|Any CPU.Build.0 = Release|Any CPU
		{B9EAB1ED-26A5-46A5-AA09-6609DF289817}.Debug|Any CPU.ActiveCfg = Debug|Any CPU
		{B9EAB1ED-26A5-46A5-AA09-6609DF289817}.Debug|Any CPU.Build.0 = Debug|Any CPU
		{B9EAB1ED-26A5-46A5-AA09-6609DF289817}.Release|Any CPU.ActiveCfg = Release|Any CPU
		{B9EAB1ED-26A5-46A5-AA09-6609DF289817}.Release|Any CPU.Build.0 = Release|Any CPU
		{AD56974F-40EA-4487-8867-F7A35F28BC04}.Debug|Any CPU.ActiveCfg = Debug|Any CPU
		{AD56974F-40EA-4487-8867-F7A35F28BC04}.Debug|Any CPU.Build.0 = Debug|Any CPU
		{AD56974F-40EA-4487-8867-F7A35F28BC04}.Release|Any CPU.ActiveCfg = Release|Any CPU
		{AD56974F-40EA-4487-8867-F7A35F28BC04}.Release|Any CPU.Build.0 = Release|Any CPU
		{BDC3681B-CB5D-43B7-94DA-AD81F50265B9}.Debug|Any CPU.ActiveCfg = Debug|Any CPU
		{BDC3681B-CB5D-43B7-94DA-AD81F50265B9}.Debug|Any CPU.Build.0 = Debug|Any CPU
		{BDC3681B-CB5D-43B7-94DA-AD81F50265B9}.Release|Any CPU.ActiveCfg = Release|Any CPU
		{BDC3681B-CB5D-43B7-94DA-AD81F50265B9}.Release|Any CPU.Build.0 = Release|Any CPU
		{90D4C7DB-FD1B-4E1B-AE74-741912288AB3}.Debug|Any CPU.ActiveCfg = Debug|Any CPU
		{90D4C7DB-FD1B-4E1B-AE74-741912288AB3}.Debug|Any CPU.Build.0 = Debug|Any CPU
		{90D4C7DB-FD1B-4E1B-AE74-741912288AB3}.Release|Any CPU.ActiveCfg = Release|Any CPU
		{90D4C7DB-FD1B-4E1B-AE74-741912288AB3}.Release|Any CPU.Build.0 = Release|Any CPU
		{CC20892F-49B6-41BD-ADAF-CE1CC792B800}.Debug|Any CPU.ActiveCfg = Debug|Any CPU
		{CC20892F-49B6-41BD-ADAF-CE1CC792B800}.Debug|Any CPU.Build.0 = Debug|Any CPU
		{CC20892F-49B6-41BD-ADAF-CE1CC792B800}.Release|Any CPU.ActiveCfg = Release|Any CPU
		{CC20892F-49B6-41BD-ADAF-CE1CC792B800}.Release|Any CPU.Build.0 = Release|Any CPU
		{B3F86C73-B425-4602-9AB8-C5DD559CB347}.Debug|Any CPU.ActiveCfg = Debug|Any CPU
		{B3F86C73-B425-4602-9AB8-C5DD559CB347}.Debug|Any CPU.Build.0 = Debug|Any CPU
		{B3F86C73-B425-4602-9AB8-C5DD559CB347}.Release|Any CPU.ActiveCfg = Release|Any CPU
		{B3F86C73-B425-4602-9AB8-C5DD559CB347}.Release|Any CPU.Build.0 = Release|Any CPU
		{933326A6-7C0E-4439-833C-06839937E930}.Debug|Any CPU.ActiveCfg = Debug|Any CPU
		{933326A6-7C0E-4439-833C-06839937E930}.Debug|Any CPU.Build.0 = Debug|Any CPU
		{933326A6-7C0E-4439-833C-06839937E930}.Release|Any CPU.ActiveCfg = Release|Any CPU
		{933326A6-7C0E-4439-833C-06839937E930}.Release|Any CPU.Build.0 = Release|Any CPU
	EndGlobalSection
	GlobalSection(SolutionProperties) = preSolution
		HideSolutionNode = FALSE
	EndGlobalSection
	GlobalSection(NestedProjects) = preSolution
		{0247B348-7115-4E29-A52F-3F2B0A365291} = {F58B6A27-4E06-431C-8732-EAEAB3289E6D}
		{CA1A0537-CBE6-4281-9992-AE8D393A7052} = {F58B6A27-4E06-431C-8732-EAEAB3289E6D}
		{EC13AD4B-69E1-4E00-BC05-9ABAFEADB5CD} = {F58B6A27-4E06-431C-8732-EAEAB3289E6D}
		{B5AFC16A-F97B-4E96-91A3-D4EEA3ED0716} = {F58B6A27-4E06-431C-8732-EAEAB3289E6D}
		{F428279E-E4D9-41DB-8885-BF306B959A64} = {4950555D-C740-49BB-83C8-4AB454134CD0}
		{423CDEBD-CDA5-4023-84BF-9C7D6F4A118E} = {4950555D-C740-49BB-83C8-4AB454134CD0}
		{15E65EB3-77C6-47C5-A95C-ADAFAFF6EE42} = {4950555D-C740-49BB-83C8-4AB454134CD0}
		{BD188B7F-2325-4795-A7D0-FA1490C6A4AA} = {4950555D-C740-49BB-83C8-4AB454134CD0}
		{B9EAB1ED-26A5-46A5-AA09-6609DF289817} = {4950555D-C740-49BB-83C8-4AB454134CD0}
		{AD56974F-40EA-4487-8867-F7A35F28BC04} = {3D684796-FC6F-40CB-BE0D-A847D4DD0331}
		{BDC3681B-CB5D-43B7-94DA-AD81F50265B9} = {3D684796-FC6F-40CB-BE0D-A847D4DD0331}
		{90D4C7DB-FD1B-4E1B-AE74-741912288AB3} = {3D684796-FC6F-40CB-BE0D-A847D4DD0331}
		{CC20892F-49B6-41BD-ADAF-CE1CC792B800} = {3D684796-FC6F-40CB-BE0D-A847D4DD0331}
		{B3F86C73-B425-4602-9AB8-C5DD559CB347} = {3D684796-FC6F-40CB-BE0D-A847D4DD0331}
		{933326A6-7C0E-4439-833C-06839937E930} = {3D684796-FC6F-40CB-BE0D-A847D4DD0331}
	EndGlobalSection
	GlobalSection(ExtensibilityGlobals) = postSolution
		SolutionGuid = {AC9BC44A-8687-4E75-8F16-17229B1215CD}
	EndGlobalSection
EndGlobal
